{"format_version":"1.0","provider_schemas":{"registry.terraform.io/opensearch-project/opensearch":{"provider":{"version":0,"block":{"attributes":{"aws_access_key":{"type":"string","description":"The access key for use with AWS opensearch Service domains","description_kind":"plain","optional":true},"aws_assume_role_arn":{"type":"string","description":"Amazon Resource Name of an IAM Role to assume prior to making AWS API calls.","description_kind":"plain","optional":true},"aws_assume_role_external_id":{"type":"string","description":"External ID configured in the IAM policy of the IAM Role to assume prior to making AWS API calls.","description_kind":"plain","optional":true},"aws_profile":{"type":"string","description":"The AWS profile for use with AWS opensearch Service domains","description_kind":"plain","optional":true},"aws_region":{"type":"string","description":"The AWS region for use in signing of AWS opensearch requests. Must be specified in order to use AWS URL signing with AWS OpenSearch endpoint exposed on a custom DNS domain.","description_kind":"plain","optional":true},"aws_secret_key":{"type":"string","description":"The secret key for use with AWS opensearch Service domains","description_kind":"plain","optional":true},"aws_signature_service":{"type":"string","description":"AWS service name used in the credential scope of signed requests to opensearch.","description_kind":"plain","optional":true},"aws_token":{"type":"string","description":"The session token for use with AWS opensearch Service domains","description_kind":"plain","optional":true},"cacert_file":{"type":"string","description":"A Custom CA certificate","description_kind":"plain","optional":true},"client_cert_path":{"type":"string","description":"A X509 certificate to connect to opensearch","description_kind":"plain","optional":true},"client_key_path":{"type":"string","description":"A X509 key to connect to opensearch","description_kind":"plain","optional":true},"healthcheck":{"type":"bool","description":"Set the client healthcheck option for the opensearch client. Healthchecking is designed for direct access to the cluster.","description_kind":"plain","optional":true},"host_override":{"type":"string","description":"If provided, sets the 'Host' header of requests and the 'ServerName' for certificate validation to this value. See the documentation on connecting to opensearch via an SSH tunnel.","description_kind":"plain","optional":true},"insecure":{"type":"bool","description":"Disable SSL verification of API calls","description_kind":"plain","optional":true},"opensearch_version":{"type":"string","description":"opensearch Version","description_kind":"plain","optional":true},"password":{"type":"string","description":"Password to use to connect to opensearch using basic auth","description_kind":"plain","optional":true},"proxy":{"type":"string","description":"Proxy URL to use for requests to opensearch.","description_kind":"plain","optional":true},"sign_aws_requests":{"type":"bool","description":"Enable signing of AWS opensearch requests. The `url` must refer to AWS ES domain (`*.\u003cregion\u003e.es.amazonaws.com`), or `aws_region` must be specified explicitly.","description_kind":"plain","optional":true},"sniff":{"type":"bool","description":"Set the node sniffing option for the opensearch client. Client won't work with sniffing if nodes are not routable.","description_kind":"plain","optional":true},"token":{"type":"string","description":"A bearer token or ApiKey for an Authorization header, e.g. Active Directory API key.","description_kind":"plain","optional":true},"token_name":{"type":"string","description":"The type of token, usually ApiKey or Bearer","description_kind":"plain","optional":true},"url":{"type":"string","description":"Opensearch URL","description_kind":"plain","required":true},"username":{"type":"string","description":"Username to use to connect to opensearch using basic auth","description_kind":"plain","optional":true},"version_ping_timeout":{"type":"number","description":"Version ping timeout in seconds","description_kind":"plain","optional":true}},"description_kind":"plain"}},"resource_schemas":{"opensearch_anomaly_detection":{"version":0,"block":{"attributes":{"body":{"type":"string","description":"The anomaly detection document","description_kind":"plain","required":true},"id":{"type":"string","description_kind":"plain","optional":true,"computed":true}},"description":"Provides an OpenSearch anonaly detection. Please refer to the OpenSearch anomaly detection documentation for details.","description_kind":"plain"}},"opensearch_audit_config":{"version":0,"block":{"attributes":{"enabled":{"type":"bool","description_kind":"plain","required":true},"id":{"type":"string","description_kind":"plain","optional":true,"computed":true}},"block_types":{"audit":{"nesting_mode":"set","block":{"attributes":{"disabled_rest_categories":{"type":["set","string"],"description_kind":"plain","optional":true},"disabled_transport_categories":{"type":["set","string"],"description_kind":"plain","optional":true},"enable_rest":{"type":"bool","description_kind":"plain","optional":true},"enable_transport":{"type":"bool","description_kind":"plain","optional":true},"exclude_sensitive_headers":{"type":"bool","description_kind":"plain","optional":true},"ignore_requests":{"type":["set","string"],"description_kind":"plain","optional":true},"ignore_users":{"type":["set","string"],"description_kind":"plain","optional":true},"log_request_body":{"type":"bool","description_kind":"plain","optional":true},"resolve_bulk_requests":{"type":"bool","description_kind":"plain","optional":true},"resolve_indices":{"type":"bool","description_kind":"plain","optional":true}},"description_kind":"plain"},"max_items":1},"compliance":{"nesting_mode":"set","block":{"attributes":{"enabled":{"type":"bool","description_kind":"plain","optional":true},"external_config":{"type":"bool","description_kind":"plain","optional":true},"internal_config":{"type":"bool","description_kind":"plain","optional":true},"read_ignore_users":{"type":["set","string"],"description_kind":"plain","optional":true},"read_metadata_only":{"type":"bool","description_kind":"plain","optional":true},"write_ignore_users":{"type":["set","string"],"description_kind":"plain","optional":true},"write_log_diffs":{"type":"bool","description_kind":"plain","optional":true},"write_metadata_only":{"type":"bool","description_kind":"plain","optional":true},"write_watched_indices":{"type":["set","string"],"description_kind":"plain","optional":true}},"block_types":{"read_watched_field":{"nesting_mode":"set","block":{"attributes":{"fields":{"type":["set","string"],"description_kind":"plain","required":true},"index":{"type":"string","description_kind":"plain","required":true}},"description_kind":"plain"}}},"description_kind":"plain"},"max_items":1}},"description_kind":"plain"}},"opensearch_channel_configuration":{"version":0,"block":{"attributes":{"body":{"type":"string","description":"The channel configuration document","description_kind":"plain","required":true},"id":{"type":"string","description_kind":"plain","optional":true,"computed":true}},"description":"Provides an OpenSearch channel configuration. Please refer to the OpenSearch channel configuration documentation for details.","description_kind":"plain"}},"opensearch_cluster_settings":{"version":0,"block":{"attributes":{"action_auto_create_index":{"type":"string","description":"Whether to automatically create an index if it doesn’t already exist and apply any configured index template","description_kind":"plain","optional":true},"action_destructive_requires_name":{"type":"bool","description":"When set to true, you must specify the index name to delete an index and it is not possible to delete all indices with _all or use wildcards","description_kind":"plain","optional":true},"cluster_blocks_read_only":{"type":"bool","description":"Make the whole cluster read only and metadata is not allowed to be modified","description_kind":"plain","optional":true},"cluster_blocks_read_only_allow_delete":{"type":"bool","description":"Make the whole cluster read only, but allows to delete indices to free up resources","description_kind":"plain","optional":true},"cluster_indices_close_enable":{"type":"bool","description":"If false, you cannot close open indices","description_kind":"plain","optional":true},"cluster_info_update_interval":{"type":"string","description":"A time string controlling how often OpenSearch should check on disk usage for each node in the cluster","description_kind":"plain","optional":true},"cluster_max_shards_per_node":{"type":"number","description":"The total number of primary and replica shards for the cluster, this number is multiplied by the number of non-frozen data nodes; shards for closed indices do not count toward this limit","description_kind":"plain","optional":true},"cluster_max_shards_per_node_frozen":{"type":"number","description":"The total number of primary and replica frozen shards, for the cluster; Ssards for closed indices do not count toward this limit, a cluster with no frozen data nodes is unlimited.","description_kind":"plain","optional":true},"cluster_no_master_block":{"type":"string","description":"Specifies which operations are rejected when there is no active master in a cluster (all, write)","description_kind":"plain","optional":true},"cluster_persistent_tasks_allocation_enable":{"type":"string","description":"Whether allocation for persistent tasks is active (all, none)","description_kind":"plain","optional":true},"cluster_persistent_tasks_allocation_recheck_interval":{"type":"string","description":"A time string controling how often assignment checks are performed to react to whether persistent tasks can be assigned to nodes","description_kind":"plain","optional":true},"cluster_routing_allocation_allow_rebalance":{"type":"string","description":"Specify when shard rebalancing is allowed (always, indices_primaries_active, indices_all_active)","description_kind":"plain","optional":true},"cluster_routing_allocation_awareness_attributes":{"type":"string","description":"Use custom node attributes to take hardware configuration into account when allocating shards","description_kind":"plain","optional":true},"cluster_routing_allocation_balance_index":{"type":"number","description":"Weight factor for the number of shards per index allocated on a node, increasing this raises the tendency to equalize the number of shards per index across all nodes","description_kind":"plain","optional":true},"cluster_routing_allocation_balance_shard":{"type":"number","description":"Weight factor for the total number of shards allocated on a node, increasing this raises the tendency to equalize the number of shards across all nodes","description_kind":"plain","optional":true},"cluster_routing_allocation_balance_threshold":{"type":"number","description":"Minimal optimization value of operations that should be performed, raising this will cause the cluster to be less aggressive about optimizing the shard balance","description_kind":"plain","optional":true},"cluster_routing_allocation_cluster_concurrent_rebalance":{"type":"number","description":"How many concurrent shard rebalances are allowed cluster wide","description_kind":"plain","optional":true},"cluster_routing_allocation_disk_include_relocations":{"type":"bool","description":"Whether the allocator will take into account shards that are currently being relocated to the target node when computing a node’s disk usage","description_kind":"plain","optional":true},"cluster_routing_allocation_disk_threshold_enabled":{"type":"bool","description":"Whether the disk allocation decider is active","description_kind":"plain","optional":true},"cluster_routing_allocation_disk_watermark_high":{"type":"string","description":"Allocator will attempt to relocate shards away from a node whose disk usage is above this percentage disk used","description_kind":"plain","optional":true},"cluster_routing_allocation_disk_watermark_low":{"type":"string","description":"Allocator will not allocate shards to nodes that have more than this percentage disk used","description_kind":"plain","optional":true},"cluster_routing_allocation_enable":{"type":"string","description":"Enable or disable allocation for specific kinds of shards (all, primaries, new_primaries, none)","description_kind":"plain","optional":true},"cluster_routing_allocation_node_concurrent_incoming_recoveries":{"type":"number","description":"How many incoming recoveries where the target shard (likely the replica unless a shard is relocating) are allocated on the node","description_kind":"plain","optional":true},"cluster_routing_allocation_node_concurrent_outgoing_recoveries":{"type":"number","description":"How many outgoing recoveries where the source shard (likely the primary unless a shard is relocating) are allocated on the node","description_kind":"plain","optional":true},"cluster_routing_allocation_node_concurrent_recoveries":{"type":"number","description":"A shortcut to set both incoming and outgoing recoveries","description_kind":"plain","optional":true},"cluster_routing_allocation_node_initial_primaries_recoveries":{"type":"number","description":"Set a (usually) higher rate for primary recovery on node restart (usually from disk, so fast)","description_kind":"plain","optional":true},"cluster_routing_allocation_same_shard_host":{"type":"bool","description":"Perform a check to prevent allocation of multiple instances of the same shard on a single host, if multiple nodes are started on the host","description_kind":"plain","optional":true},"cluster_routing_allocation_total_shards_per_node":{"type":"number","description":"Maximum number of primary and replica shards allocated to each node","description_kind":"plain","optional":true},"cluster_routing_rebalance_enable":{"type":"string","description":"Allow rebalancing for specific kinds of shards (all, primaries, replicas, none)","description_kind":"plain","optional":true},"id":{"type":"string","description_kind":"plain","optional":true,"computed":true},"indices_breaker_fielddata_limit":{"type":"string","description":"The percentage of memory above which if loading a field into the field data cache would cause the cache to exceed this limit, an error is returned","description_kind":"plain","optional":true},"indices_breaker_fielddata_overhead":{"type":"number","description":"A constant that all field data estimations are multiplied by","description_kind":"plain","optional":true},"indices_breaker_request_limit":{"type":"string","description":"The percentabge of memory above which per-request data structures (e.g. calculating aggregations) are prevented from exceeding","description_kind":"plain","optional":true},"indices_breaker_request_overhead":{"type":"number","description":"A constant that all request estimations are multiplied by","description_kind":"plain","optional":true},"indices_breaker_total_limit":{"type":"string","description":"The percentage of total amount of memory that can be used across all breakers","description_kind":"plain","optional":true},"indices_recovery_max_bytes_per_sec":{"type":"string","description":"Maximum total inbound and outbound recovery traffic for each node, in mb","description_kind":"plain","optional":true},"network_breaker_inflight_requests_limit":{"type":"string","description":"The percentage limit of memory usage on a node of all currently active incoming requests on transport or HTTP level","description_kind":"plain","optional":true},"network_breaker_inflight_requests_overhead":{"type":"number","description":"A constant that all in flight requests estimations are multiplied by","description_kind":"plain","optional":true},"script_max_compilations_rate":{"type":"string","description":"Limit for the number of unique dynamic scripts within a certain interval that are allowed to be compiled, expressed as compilations divided by a time string","description_kind":"plain","optional":true},"search_default_search_timeout":{"type":"string","description":"A time string setting a cluster-wide default timeout for all search requests","description_kind":"plain","optional":true}},"description":"Manages a cluster's (persistent) settings.","description_kind":"plain"}},"opensearch_component_template":{"version":0,"block":{"attributes":{"body":{"type":"string","description":"The JSON body of the template.","description_kind":"plain","required":true},"id":{"type":"string","description_kind":"plain","optional":true,"computed":true},"name":{"type":"string","description":"Name of the component template to create.","description_kind":"plain","required":true}},"description":"Component templates are building blocks for constructing index templates that specify index mappings, settings, and aliases. You cannot directly apply a component template to a data stream or index. To be applied, a component template must be included in an index template’s `composed_of` list.","description_kind":"plain"}},"opensearch_composable_index_template":{"version":0,"block":{"attributes":{"body":{"type":"string","description":"The JSON body of the index template.","description_kind":"plain","required":true},"id":{"type":"string","description_kind":"plain","optional":true,"computed":true},"name":{"type":"string","description":"The name of the index template.","description_kind":"plain","required":true}},"description":"Provides an Composable index template resource. This resource uses the `/_index_template` endpoint of the API that is available since version 2.0.0. Use `opensearch_index_template` if you are using older versions or if you want to keep using legacy Index Templates.","description_kind":"plain"}},"opensearch_dashboard_object":{"version":0,"block":{"attributes":{"body":{"type":"string","description":"The JSON body of the dashboard object.","description_kind":"plain","required":true},"id":{"type":"string","description_kind":"plain","optional":true,"computed":true},"index":{"type":"string","description":"The name of the index where dashboard data is stored.","description_kind":"plain","optional":true}},"description":"Provides an OpenSearch Dashboards object resource. This resource interacts directly with the underlying OpenSearch index backing Dashboards, so the format must match what Dashboards the version of Dashboards is expecting. Dashboards with older versions - directly pulling the JSON from a Dashboards index of the same version of OpenSearch targeted by the provider is a workaround.","description_kind":"plain"}},"opensearch_dashboard_tenant":{"version":0,"block":{"attributes":{"description":{"type":"string","description":"Description of the tenant.","description_kind":"plain","optional":true},"id":{"type":"string","description_kind":"plain","optional":true,"computed":true},"index":{"type":"string","description_kind":"plain","computed":true},"tenant_name":{"type":"string","description":"The name of the tenant.","description_kind":"plain","required":true}},"description":"Provides an OpenSearch dashboard tenant resource. Please refer to the OpenSearch documentation for details.","description_kind":"plain"}},"opensearch_data_stream":{"version":0,"block":{"attributes":{"id":{"type":"string","description_kind":"plain","optional":true,"computed":true},"name":{"type":"string","description":"Name of the data stream to create, must have a matching ","description_kind":"plain","required":true}},"description":"A data stream lets you store append-only time series data across multiple (hidden, auto-generated) indices while giving you a single named resource for requests","description_kind":"plain"}},"opensearch_index":{"version":0,"block":{"attributes":{"aliases":{"type":"string","description":"A JSON string describing a set of aliases. The index aliases API allows aliasing an index with a name, with all APIs automatically converting the alias name to the actual index name. An alias can also be mapped to more than one index, and when specifying it, the alias will automatically expand to the aliased indices.","description_kind":"plain","optional":true},"analysis_analyzer":{"type":"string","description":"A JSON string describing the analyzers applied to the index.","description_kind":"plain","optional":true},"analysis_char_filter":{"type":"string","description":"A JSON string describing the char_filters applied to the index.","description_kind":"plain","optional":true},"analysis_filter":{"type":"string","description":"A JSON string describing the filters applied to the index.","description_kind":"plain","optional":true},"analysis_normalizer":{"type":"string","description":"A JSON string describing the normalizers applied to the index.","description_kind":"plain","optional":true},"analysis_tokenizer":{"type":"string","description":"A JSON string describing the tokenizers applied to the index.","description_kind":"plain","optional":true},"analyze_max_token_count":{"type":"string","description":"The maximum number of tokens that can be produced using _analyze API. A stringified number.","description_kind":"plain","optional":true},"auto_expand_replicas":{"type":"string","description":"Set the number of replicas to the node count in the cluster. Set to a dash delimited lower and upper bound (e.g. 0-5) or use all for the upper bound (e.g. 0-all)","description_kind":"plain","optional":true},"blocks_metadata":{"type":"bool","description":"Set to `true` to disable index metadata reads and writes.","description_kind":"plain","optional":true},"blocks_read":{"type":"bool","description":"Set to `true` to disable read operations against the index.","description_kind":"plain","optional":true},"blocks_read_only":{"type":"bool","description":"Set to `true` to make the index and index metadata read only, `false` to allow writes and metadata changes.","description_kind":"plain","optional":true},"blocks_read_only_allow_delete":{"type":"bool","description":"Identical to `index.blocks.read_only` but allows deleting the index to free up resources.","description_kind":"plain","optional":true},"blocks_write":{"type":"bool","description":"Set to `true` to disable data write operations against the index. This setting does not affect metadata.","description_kind":"plain","optional":true},"codec":{"type":"string","description":"The `default` value compresses stored data with LZ4 compression, but this can be set to `best_compression` which uses DEFLATE for a higher compression ratio. This can be set only on creation.","description_kind":"plain","optional":true},"default_pipeline":{"type":"string","description":"The default ingest node pipeline for this index. Index requests will fail if the default pipeline is set and the pipeline does not exist.","description_kind":"plain","optional":true},"force_destroy":{"type":"bool","description":"A boolean that indicates that the index should be deleted even if it contains documents.","description_kind":"plain","optional":true},"gc_deletes":{"type":"string","description":"The length of time that a deleted document's version number remains available for further versioned operations.","description_kind":"plain","optional":true},"highlight_max_analyzed_offset":{"type":"string","description":"The maximum number of characters that will be analyzed for a highlight request. A stringified number.","description_kind":"plain","optional":true},"id":{"type":"string","description_kind":"plain","optional":true,"computed":true},"include_type_name":{"type":"string","description":"A string that indicates if and what we should pass to include_type_name parameter. Set to `\"false\"` when trying to create an index on a v6 cluster without a doc type or set to `\"true\"` when trying to create an index on a v7 cluster with a doc type. Since mapping updates are not currently supported, this applies only on index create.","description_kind":"plain","optional":true},"index_knn":{"type":"bool","description":"Indicates whether the index should build native library indices for the knn_vector fields. If set to false, the knn_vector fields will be stored in doc values, but Approximate k-NN search functionality will be disabled.","description_kind":"plain","optional":true},"index_knn_algo_param_ef_search":{"type":"string","description":"The size of the dynamic list used during k-NN searches. Higher values lead to more accurate but slower searches. Only available for nmslib.","description_kind":"plain","optional":true},"index_similarity_default":{"type":"string","description":"A JSON string describing the default index similarity config.","description_kind":"plain","optional":true},"indexing_slowlog_level":{"type":"string","description":"Set which logging level to use for the search slow log, can be: `warn`, `info`, `debug`, `trace`","description_kind":"plain","optional":true},"indexing_slowlog_source":{"type":"string","description":"Set the number of characters of the `_source` to include in the slowlog lines, `false` or `0` will skip logging the source entirely and setting it to `true` will log the entire source regardless of size. The original `_source` is reformatted by default to make sure that it fits on a single log line.","description_kind":"plain","optional":true},"indexing_slowlog_threshold_index_debug":{"type":"string","description":"Set the cutoff for shard level slow search logging of slow searches for indexing queries, in time units, e.g. `2s`","description_kind":"plain","optional":true},"indexing_slowlog_threshold_index_info":{"type":"string","description":"Set the cutoff for shard level slow search logging of slow searches for indexing queries, in time units, e.g. `5s`","description_kind":"plain","optional":true},"indexing_slowlog_threshold_index_trace":{"type":"string","description":"Set the cutoff for shard level slow search logging of slow searches for indexing queries, in time units, e.g. `500ms`","description_kind":"plain","optional":true},"indexing_slowlog_threshold_index_warn":{"type":"string","description":"Set the cutoff for shard level slow search logging of slow searches for indexing queries, in time units, e.g. `10s`","description_kind":"plain","optional":true},"load_fixed_bitset_filters_eagerly":{"type":"bool","description":"Indicates whether cached filters are pre-loaded for nested queries. This can be set only on creation.","description_kind":"plain","optional":true},"mappings":{"type":"string","description":"A JSON string defining how documents in the index, and the fields they contain, are stored and indexed. To avoid the complexities of field mapping updates, updates of this field are not allowed via this provider.","description_kind":"plain","optional":true},"max_docvalue_fields_search":{"type":"string","description":"The maximum number of `docvalue_fields` that are allowed in a query. A stringified number.","description_kind":"plain","optional":true},"max_inner_result_window":{"type":"string","description":"The maximum value of `from + size` for inner hits definition and top hits aggregations to this index. A stringified number.","description_kind":"plain","optional":true},"max_ngram_diff":{"type":"string","description":"The maximum allowed difference between min_gram and max_gram for NGramTokenizer and NGramTokenFilter. A stringified number.","description_kind":"plain","optional":true},"max_refresh_listeners":{"type":"string","description":"Maximum number of refresh listeners available on each shard of the index. A stringified number.","description_kind":"plain","optional":true},"max_regex_length":{"type":"string","description":"The maximum length of regex that can be used in Regexp Query. A stringified number.","description_kind":"plain","optional":true},"max_rescore_window":{"type":"string","description":"The maximum value of `window_size` for `rescore` requests in searches of this index. A stringified number.","description_kind":"plain","optional":true},"max_result_window":{"type":"string","description":"The maximum value of `from + size` for searches to this index. A stringified number.","description_kind":"plain","optional":true},"max_script_fields":{"type":"string","description":"The maximum number of `script_fields` that are allowed in a query. A stringified number.","description_kind":"plain","optional":true},"max_shingle_diff":{"type":"string","description":"The maximum allowed difference between max_shingle_size and min_shingle_size for ShingleTokenFilter. A stringified number.","description_kind":"plain","optional":true},"max_terms_count":{"type":"string","description":"The maximum number of terms that can be used in Terms Query. A stringified number.","description_kind":"plain","optional":true},"name":{"type":"string","description":"Name of the index to create","description_kind":"plain","required":true},"number_of_replicas":{"type":"string","description":"Number of shard replicas. A stringified number.","description_kind":"plain","optional":true,"computed":true},"number_of_routing_shards":{"type":"string","description":"Value used with number_of_shards to route documents to a primary shard. A stringified number. This can be set only on creation.","description_kind":"plain","optional":true},"number_of_shards":{"type":"string","description":"Number of shards for the index. This can be set only on creation.","description_kind":"plain","optional":true,"computed":true},"refresh_interval":{"type":"string","description":"How often to perform a refresh operation, which makes recent changes to the index visible to search. Can be set to `-1` to disable refresh.","description_kind":"plain","optional":true},"rollover_alias":{"type":"string","description_kind":"plain","optional":true,"computed":true},"routing_allocation_enable":{"type":"string","description":"Controls shard allocation for this index. It can be set to: `all` , `primaries` , `new_primaries` , `none`.","description_kind":"plain","optional":true},"routing_partition_size":{"type":"string","description":"The number of shards a custom routing value can go to. A stringified number. This can be set only on creation.","description_kind":"plain","optional":true},"routing_rebalance_enable":{"type":"string","description":"Enables shard rebalancing for this index. It can be set to: `all`, `primaries` , `replicas` , `none`.","description_kind":"plain","optional":true},"search_idle_after":{"type":"string","description":"How long a shard can not receive a search or get request until it’s considered search idle.","description_kind":"plain","optional":true},"search_slowlog_level":{"type":"string","description":"Set which logging level to use for the search slow log, can be: `warn`, `info`, `debug`, `trace`","description_kind":"plain","optional":true},"search_slowlog_threshold_fetch_debug":{"type":"string","description":"Set the cutoff for shard level slow search logging of slow searches in the fetch phase, in time units, e.g. `2s`","description_kind":"plain","optional":true},"search_slowlog_threshold_fetch_info":{"type":"string","description":"Set the cutoff for shard level slow search logging of slow searches in the fetch phase, in time units, e.g. `5s`","description_kind":"plain","optional":true},"search_slowlog_threshold_fetch_trace":{"type":"string","description":"Set the cutoff for shard level slow search logging of slow searches in the fetch phase, in time units, e.g. `500ms`","description_kind":"plain","optional":true},"search_slowlog_threshold_fetch_warn":{"type":"string","description":"Set the cutoff for shard level slow search logging of slow searches in the fetch phase, in time units, e.g. `10s`","description_kind":"plain","optional":true},"search_slowlog_threshold_query_debug":{"type":"string","description":"Set the cutoff for shard level slow search logging of slow searches in the query phase, in time units, e.g. `2s`","description_kind":"plain","optional":true},"search_slowlog_threshold_query_info":{"type":"string","description":"Set the cutoff for shard level slow search logging of slow searches in the query phase, in time units, e.g. `5s`","description_kind":"plain","optional":true},"search_slowlog_threshold_query_trace":{"type":"string","description":"Set the cutoff for shard level slow search logging of slow searches in the query phase, in time units, e.g. `500ms`","description_kind":"plain","optional":true},"search_slowlog_threshold_query_warn":{"type":"string","description":"Set the cutoff for shard level slow search logging of slow searches in the query phase, in time units, e.g. `10s`","description_kind":"plain","optional":true},"shard_check_on_startup":{"type":"string","description":"Whether or not shards should be checked for corruption before opening. When corruption is detected, it will prevent the shard from being opened. Accepts `false`, `true`, `checksum`.","description_kind":"plain","optional":true},"sort_field":{"type":"string","description":"The field to sort shards in this index by.","description_kind":"plain","optional":true},"sort_order":{"type":"string","description":"The direction to sort shards in. Accepts `asc`, `desc`.","description_kind":"plain","optional":true}},"description":"Provides an OpenSearch index resource.","description_kind":"plain"}},"opensearch_index_template":{"version":0,"block":{"attributes":{"body":{"type":"string","description":"The JSON body of the index template.","description_kind":"plain","required":true},"id":{"type":"string","description_kind":"plain","optional":true,"computed":true},"name":{"type":"string","description":"The name of the index template.","description_kind":"plain","required":true}},"description":"Provides an Opensearch index template resource.","description_kind":"plain"}},"opensearch_ingest_pipeline":{"version":0,"block":{"attributes":{"body":{"type":"string","description":"The JSON body of the ingest pipeline","description_kind":"plain","required":true},"id":{"type":"string","description_kind":"plain","optional":true,"computed":true},"name":{"type":"string","description":"The name of the ingest pipeline","description_kind":"plain","required":true}},"description":"Provides an OpenSearch ingest pipeline resource.","description_kind":"plain"}},"opensearch_ism_policy":{"version":0,"block":{"attributes":{"body":{"type":"string","description":"The policy document.","description_kind":"plain","required":true},"id":{"type":"string","description_kind":"plain","optional":true,"computed":true},"policy_id":{"type":"string","description":"The id of the ISM policy.","description_kind":"plain","required":true},"primary_term":{"type":"number","description":"The primary term of the ISM policy version.","description_kind":"plain","optional":true,"computed":true},"seq_no":{"type":"number","description":"The sequence number of the ISM policy version.","description_kind":"plain","optional":true,"computed":true}},"description":"Provides an OpenSearch Index State Management (ISM) policy. Please refer to the OpenSearch ISM documentation for details.","description_kind":"plain"}},"opensearch_ism_policy_mapping":{"version":0,"block":{"attributes":{"id":{"type":"string","description_kind":"plain","optional":true,"computed":true},"include":{"type":["set",["map","string"]],"description":"When updating multiple indices, you might want to include a state filter to only affect certain managed indices. The background process only applies the change if the index is currently in the state specified.","description_kind":"plain","optional":true},"indexes":{"type":"string","description":"Name of the index to apply the policy to. You can use an index pattern to update multiple indices at once.","description_kind":"plain","required":true},"is_safe":{"type":"bool","description_kind":"plain","optional":true},"managed_indexes":{"type":["set","string"],"description_kind":"plain","optional":true,"computed":true},"policy_id":{"type":"string","description":"The name of the policy.","description_kind":"plain","required":true},"state":{"type":"string","description":"After a change in policy takes place, specify the state for the index to transition to","description_kind":"plain","optional":true}},"block_types":{"timeouts":{"nesting_mode":"single","block":{"attributes":{"create":{"type":"string","description_kind":"plain","optional":true},"update":{"type":"string","description_kind":"plain","optional":true}},"description_kind":"plain"}}},"description":"Provides an OpenSearch Index State Management (ISM) policy. Please refer to the OpenSearch ISM documentation for details.","description_kind":"plain","deprecated":true}},"opensearch_monitor":{"version":0,"block":{"attributes":{"body":{"type":"string","description":"The monitor document","description_kind":"plain","required":true},"id":{"type":"string","description_kind":"plain","optional":true,"computed":true}},"description":"Provides an OpenSearch monitor. Please refer to the OpenSearch monitor documentation for details.","description_kind":"plain"}},"opensearch_role":{"version":0,"block":{"attributes":{"cluster_permissions":{"type":["set","string"],"description":"A list of cluster permissions.","description_kind":"plain","optional":true},"description":{"type":"string","description":"Description of the role.","description_kind":"plain","optional":true},"id":{"type":"string","description_kind":"plain","optional":true,"computed":true},"role_name":{"type":"string","description":"The name of the security role.","description_kind":"plain","required":true}},"block_types":{"index_permissions":{"nesting_mode":"set","block":{"attributes":{"allowed_actions":{"type":["set","string"],"description":"A list of allowed actions.","description_kind":"plain","optional":true},"document_level_security":{"type":"string","description":"A selector for document-level security (json formatted using jsonencode).","description_kind":"plain","optional":true},"field_level_security":{"type":["set","string"],"description":"A list of selectors for field-level security.","description_kind":"plain","optional":true},"index_patterns":{"type":["set","string"],"description":"A list of glob patterns for the index names.","description_kind":"plain","optional":true},"masked_fields":{"type":["set","string"],"description":"A list of masked fields","description_kind":"plain","optional":true}},"description":"A configuration of index permissions","description_kind":"plain"}},"tenant_permissions":{"nesting_mode":"set","block":{"attributes":{"allowed_actions":{"type":["set","string"],"description":"A list of allowed actions.","description_kind":"plain","optional":true},"tenant_patterns":{"type":["set","string"],"description":"A list of glob patterns for the tenant names","description_kind":"plain","optional":true}},"description":"A configuration of tenant permissions","description_kind":"plain"}}},"description":"Provides an OpenSearch security role resource. Please refer to the OpenSearch Access Control documentation for details.","description_kind":"plain"}},"opensearch_roles_mapping":{"version":0,"block":{"attributes":{"and_backend_roles":{"type":["set","string"],"description":"A list of backend roles.","description_kind":"plain","optional":true},"backend_roles":{"type":["set","string"],"description":"A list of backend roles.","description_kind":"plain","optional":true},"description":{"type":"string","description":"Description of the role mapping.","description_kind":"plain","optional":true},"hosts":{"type":["set","string"],"description":"A list of host names.","description_kind":"plain","optional":true},"id":{"type":"string","description_kind":"plain","optional":true,"computed":true},"role_name":{"type":"string","description":"The name of the security role.","description_kind":"plain","required":true},"users":{"type":["set","string"],"description":"A list of users.","description_kind":"plain","optional":true}},"description":"Provides an OpenSearch security role mapping. Please refer to the OpenSearch Access Control documentation for details.","description_kind":"plain"}},"opensearch_script":{"version":0,"block":{"attributes":{"id":{"type":"string","description_kind":"plain","optional":true,"computed":true},"lang":{"type":"string","description":"Specifies the language the script is written in. Defaults to painless.","description_kind":"plain","optional":true},"script_id":{"type":"string","description":"Identifier for the stored script. Must be unique within the cluster.","description_kind":"plain","required":true},"source":{"type":"string","description":"The source of the stored script","description_kind":"plain","required":true}},"description":"Provides an OpenSearch script resource.","description_kind":"plain"}},"opensearch_sm_policy":{"version":0,"block":{"attributes":{"body":{"type":"string","description":"The policy document.","description_kind":"plain","required":true},"id":{"type":"string","description_kind":"plain","optional":true,"computed":true},"policy_name":{"type":"string","description":"The name of the SM policy.","description_kind":"plain","required":true},"primary_term":{"type":"number","description":"The primary term of the SM policy version.","description_kind":"plain","optional":true,"computed":true},"seq_no":{"type":"number","description":"The sequence number of the SM policy version.","description_kind":"plain","optional":true,"computed":true}},"description":"Provides an OpenSearch Snapshot Management (SM) policy. Please refer to the OpenSearch SM documentation for details.","description_kind":"plain"}},"opensearch_snapshot_repository":{"version":0,"block":{"attributes":{"id":{"type":"string","description_kind":"plain","optional":true,"computed":true},"name":{"type":"string","description":"The name of the repository.","description_kind":"plain","required":true},"settings":{"type":["map","string"],"description":"The settings map applicable for the backend, see official documentation for plugins.","description_kind":"plain","optional":true},"type":{"type":"string","description":"The name of the repository backend (required plugins must be installed).","description_kind":"plain","required":true}},"description":"Provides an OpenSearch snapshot repository resource.","description_kind":"plain"}},"opensearch_user":{"version":0,"block":{"attributes":{"attributes":{"type":["map","string"],"description":"A map of arbitrary key value string pairs stored alongside of users.","description_kind":"plain","optional":true},"backend_roles":{"type":["set","string"],"description":"A list of backend roles.","description_kind":"plain","optional":true},"description":{"type":"string","description":"Description of the user.","description_kind":"plain","optional":true},"id":{"type":"string","description_kind":"plain","optional":true,"computed":true},"password":{"type":"string","description":"The plain text password for the user, cannot be specified with `password_hash`. Some implementations may enforce a password policy. Invalid passwords may cause a non-descriptive HTTP 400 Bad Request error. For AWS OpenSearch domains \"password must be at least 8 characters long and contain at least one uppercase letter, one lowercase letter, one digit, and one special character\".","description_kind":"plain","optional":true,"sensitive":true},"password_hash":{"type":"string","description":"The pre-hashed password for the user, cannot be specified with `password`.","description_kind":"plain","optional":true,"sensitive":true},"username":{"type":"string","description":"The name of the security user.","description_kind":"plain","required":true}},"description":"Provides an OpenSearch security user. Please refer to the OpenSearch Access Control documentation for details.","description_kind":"plain"}}},"data_source_schemas":{"opensearch_host":{"version":0,"block":{"attributes":{"active":{"type":"bool","description":"should be set to `true`","description_kind":"plain","required":true},"id":{"type":"string","description_kind":"plain","optional":true,"computed":true},"url":{"type":"string","description":"the url of the active cluster","description_kind":"plain","computed":true}},"description":"`opensearch_host` can be used to retrieve the host URL for the provider's current cluster.","description_kind":"plain"}}}}}}
